
Microsoft Visual Studio Solution File, Format Version 12.00
# Visual Studio Version 17
VisualStudioVersion = 17.1.32210.238
MinimumVisualStudioVersion = 10.0.40219.1
Project("{FAE04EC0-301F-11D3-BF4B-00C04F79EFBC}") = "Base", "Base\Base.csproj", "{82DE637B-FCE1-4146-AFE1-1CAEAA0C0938}"
EndProject
Global
	GlobalSection(SolutionConfigurationPlatforms) = preSolution
		Debug|Any CPU = Debug|Any CPU
		Release|Any CPU = Release|Any CPU
	EndGlobalSection
	GlobalSection(ProjectConfigurationPlatforms) = postSolution
		{82DE637B-FCE1-4146-AFE1-1CAEAA0C0938}.Debug|Any CPU.ActiveCfg = Debug|Any CPU
		{82DE637B-FCE1-4146-AFE1-1CAEAA0C0938}.Debug|Any CPU.Build.0 = Debug|Any CPU
		{82DE637B-FCE1-4146-AFE1-1CAEAA0C0938}.Release|Any CPU.ActiveCfg = Release|Any CPU
		{82DE637B-FCE1-4146-AFE1-1CAEAA0C0938}.Release|Any CPU.Build.0 = Release|Any CPU
	EndGlobalSection
	GlobalSection(SolutionProperties) = preSolution
		HideSolutionNode = FALSE
	EndGlobalSection
	GlobalSection(ExtensibilityGlobals) = postSolution
		SolutionGuid = {882CEF58-1C1C-4A26-AA4A-9507F543519E}
	EndGlobalSection
EndGlobal
